// !$*UTF8*$!
{
	archiveVersion = 1;
	classes = {
	};
	objectVersion = 46;
	objects = {

/* Begin PBXBuildFile section */
		65287FBA1E508EA2008A5FA2 /* Shakeable.swift in Sources */ = {isa = PBXBuildFile; fileRef = 65287FB91E508EA2008A5FA2 /* Shakeable.swift */; };
		653EF2B41E508C8400E75ED1 /* MutableCollection+Ext.swift in Sources */ = {isa = PBXBuildFile; fileRef = 653EF2B31E508C8400E75ED1 /* MutableCollection+Ext.swift */; };
		65947E941E4F502900E98169 /* AppDelegate.swift in Sources */ = {isa = PBXBuildFile; fileRef = 65947E931E4F502900E98169 /* AppDelegate.swift */; };
		65947E991E4F502900E98169 /* Main.storyboard in Resources */ = {isa = PBXBuildFile; fileRef = 65947E971E4F502900E98169 /* Main.storyboard */; };
		65947E9B1E4F502900E98169 /* Assets.xcassets in Resources */ = {isa = PBXBuildFile; fileRef = 65947E9A1E4F502900E98169 /* Assets.xcassets */; };
		65947E9E1E4F502900E98169 /* LaunchScreen.storyboard in Resources */ = {isa = PBXBuildFile; fileRef = 65947E9C1E4F502900E98169 /* LaunchScreen.storyboard */; };
		65947EA91E4F502A00E98169 /* TacoPOPTests.swift in Sources */ = {isa = PBXBuildFile; fileRef = 65947EA81E4F502A00E98169 /* TacoPOPTests.swift */; };
		65947EBA1E4F510F00E98169 /* MainVC.swift in Sources */ = {isa = PBXBuildFile; fileRef = 65947EB91E4F510F00E98169 /* MainVC.swift */; };
		65947EBC1E4F547E00E98169 /* DropShadow.swift in Sources */ = {isa = PBXBuildFile; fileRef = 65947EBB1E4F547E00E98169 /* DropShadow.swift */; };
		65947EBE1E4F556B00E98169 /* HeaderView.swift in Sources */ = {isa = PBXBuildFile; fileRef = 65947EBD1E4F556B00E98169 /* HeaderView.swift */; };
		65947EC11E4F662200E98169 /* Taco.swift in Sources */ = {isa = PBXBuildFile; fileRef = 65947EC01E4F662200E98169 /* Taco.swift */; };
		65947EC31E4F6A0E00E98169 /* DataService.swift in Sources */ = {isa = PBXBuildFile; fileRef = 65947EC21E4F6A0E00E98169 /* DataService.swift */; };
		65BDEE691E5064C600D7593E /* TacoCell.swift in Sources */ = {isa = PBXBuildFile; fileRef = 65BDEE671E5064C600D7593E /* TacoCell.swift */; };
		65BDEE6A1E5064C600D7593E /* TacoCell.xib in Resources */ = {isa = PBXBuildFile; fileRef = 65BDEE681E5064C600D7593E /* TacoCell.xib */; };
		65BDEE6C1E506C1800D7593E /* ReusableView.swift in Sources */ = {isa = PBXBuildFile; fileRef = 65BDEE6B1E506C1800D7593E /* ReusableView.swift */; };
		65BDEE6E1E506D0400D7593E /* NibLoadableView.swift in Sources */ = {isa = PBXBuildFile; fileRef = 65BDEE6D1E506D0400D7593E /* NibLoadableView.swift */; };
		65BDEE701E506D9D00D7593E /* UICollectionView+Ext.swift in Sources */ = {isa = PBXBuildFile; fileRef = 65BDEE6F1E506D9D00D7593E /* UICollectionView+Ext.swift */; };
/* End PBXBuildFile section */

/* Begin PBXContainerItemProxy section */
		65947EA51E4F502A00E98169 /* PBXContainerItemProxy */ = {
			isa = PBXContainerItemProxy;
			containerPortal = 65947E881E4F502900E98169 /* Project object */;
			proxyType = 1;
			remoteGlobalIDString = 65947E8F1E4F502900E98169;
			remoteInfo = TacoPOP;
		};
/* End PBXContainerItemProxy section */

/* Begin PBXFileReference section */
		65287FB91E508EA2008A5FA2 /* Shakeable.swift */ = {isa = PBXFileReference; fileEncoding = 4; lastKnownFileType = sourcecode.swift; path = Shakeable.swift; sourceTree = "<group>"; };
		653EF2B31E508C8400E75ED1 /* MutableCollection+Ext.swift */ = {isa = PBXFileReference; fileEncoding = 4; lastKnownFileType = sourcecode.swift; path = "MutableCollection+Ext.swift"; sourceTree = "<group>"; };
		65947E901E4F502900E98169 /* TacoPOP.app */ = {isa = PBXFileReference; explicitFileType = wrapper.application; includeInIndex = 0; path = TacoPOP.app; sourceTree = BUILT_PRODUCTS_DIR; };
		65947E931E4F502900E98169 /* AppDelegate.swift */ = {isa = PBXFileReference; lastKnownFileType = sourcecode.swift; path = AppDelegate.swift; sourceTree = "<group>"; };
		65947E981E4F502900E98169 /* Base */ = {isa = PBXFileReference; lastKnownFileType = file.storyboard; name = Base; path = Base.lproj/Main.storyboard; sourceTree = "<group>"; };
		65947E9A1E4F502900E98169 /* Assets.xcassets */ = {isa = PBXFileReference; lastKnownFileType = folder.assetcatalog; path = Assets.xcassets; sourceTree = "<group>"; };
		65947E9D1E4F502900E98169 /* Base */ = {isa = PBXFileReference; lastKnownFileType = file.storyboard; name = Base; path = Base.lproj/LaunchScreen.storyboard; sourceTree = "<group>"; };
		65947E9F1E4F502900E98169 /* Info.plist */ = {isa = PBXFileReference; lastKnownFileType = text.plist.xml; path = Info.plist; sourceTree = "<group>"; };
		65947EA41E4F502A00E98169 /* TacoPOPTests.xctest */ = {isa = PBXFileReference; explicitFileType = wrapper.cfbundle; includeInIndex = 0; path = TacoPOPTests.xctest; sourceTree = BUILT_PRODUCTS_DIR; };
		65947EA81E4F502A00E98169 /* TacoPOPTests.swift */ = {isa = PBXFileReference; lastKnownFileType = sourcecode.swift; path = TacoPOPTests.swift; sourceTree = "<group>"; };
		65947EAA1E4F502A00E98169 /* Info.plist */ = {isa = PBXFileReference; lastKnownFileType = text.plist.xml; path = Info.plist; sourceTree = "<group>"; };
		65947EB91E4F510F00E98169 /* MainVC.swift */ = {isa = PBXFileReference; fileEncoding = 4; lastKnownFileType = sourcecode.swift; path = MainVC.swift; sourceTree = "<group>"; };
		65947EBB1E4F547E00E98169 /* DropShadow.swift */ = {isa = PBXFileReference; fileEncoding = 4; lastKnownFileType = sourcecode.swift; path = DropShadow.swift; sourceTree = "<group>"; };
		65947EBD1E4F556B00E98169 /* HeaderView.swift */ = {isa = PBXFileReference; fileEncoding = 4; lastKnownFileType = sourcecode.swift; path = HeaderView.swift; sourceTree = "<group>"; };
		65947EC01E4F662200E98169 /* Taco.swift */ = {isa = PBXFileReference; fileEncoding = 4; lastKnownFileType = sourcecode.swift; path = Taco.swift; sourceTree = "<group>"; };
		65947EC21E4F6A0E00E98169 /* DataService.swift */ = {isa = PBXFileReference; fileEncoding = 4; lastKnownFileType = sourcecode.swift; path = DataService.swift; sourceTree = "<group>"; };
		65BDEE671E5064C600D7593E /* TacoCell.swift */ = {isa = PBXFileReference; fileEncoding = 4; lastKnownFileType = sourcecode.swift; path = TacoCell.swift; sourceTree = "<group>"; };
		65BDEE681E5064C600D7593E /* TacoCell.xib */ = {isa = PBXFileReference; fileEncoding = 4; lastKnownFileType = file.xib; path = TacoCell.xib; sourceTree = "<group>"; };
		65BDEE6B1E506C1800D7593E /* ReusableView.swift */ = {isa = PBXFileReference; fileEncoding = 4; lastKnownFileType = sourcecode.swift; path = ReusableView.swift; sourceTree = "<group>"; };
		65BDEE6D1E506D0400D7593E /* NibLoadableView.swift */ = {isa = PBXFileReference; fileEncoding = 4; lastKnownFileType = sourcecode.swift; path = NibLoadableView.swift; sourceTree = "<group>"; };
		65BDEE6F1E506D9D00D7593E /* UICollectionView+Ext.swift */ = {isa = PBXFileReference; fileEncoding = 4; lastKnownFileType = sourcecode.swift; path = "UICollectionView+Ext.swift"; sourceTree = "<group>"; };
/* End PBXFileReference section */

/* Begin PBXFrameworksBuildPhase section */
		65947E8D1E4F502900E98169 /* Frameworks */ = {
			isa = PBXFrameworksBuildPhase;
			buildActionMask = 2147483647;
			files = (
			);
			runOnlyForDeploymentPostprocessing = 0;
		};
		65947EA11E4F502A00E98169 /* Frameworks */ = {
			isa = PBXFrameworksBuildPhase;
			buildActionMask = 2147483647;
			files = (
			);
			runOnlyForDeploymentPostprocessing = 0;
		};
/* End PBXFrameworksBuildPhase section */

/* Begin PBXGroup section */
		65947E871E4F502900E98169 = {
			isa = PBXGroup;
			children = (
				65947E921E4F502900E98169 /* TacoPOP */,
				65947EA71E4F502A00E98169 /* TacoPOPTests */,
				65947E911E4F502900E98169 /* Products */,
			);
			sourceTree = "<group>";
		};
		65947E911E4F502900E98169 /* Products */ = {
			isa = PBXGroup;
			children = (
				65947E901E4F502900E98169 /* TacoPOP.app */,
				65947EA41E4F502A00E98169 /* TacoPOPTests.xctest */,
			);
			name = Products;
			sourceTree = "<group>";
		};
		65947E921E4F502900E98169 /* TacoPOP */ = {
			isa = PBXGroup;
			children = (
				65947EB81E4F50BD00E98169 /* Extensions */,
				65947EB71E4F50B500E98169 /* Protocols */,
				65947EB51E4F50A100E98169 /* Model */,
				65947EB41E4F509800E98169 /* View */,
				65947EB31E4F508B00E98169 /* Controller */,
				65947EB61E4F50AC00E98169 /* Resources */,
			);
			path = TacoPOP;
			sourceTree = "<group>";
		};
		65947EA71E4F502A00E98169 /* TacoPOPTests */ = {
			isa = PBXGroup;
			children = (
				65947EA81E4F502A00E98169 /* TacoPOPTests.swift */,
				65947EAA1E4F502A00E98169 /* Info.plist */,
			);
			path = TacoPOPTests;
			sourceTree = "<group>";
		};
		65947EB31E4F508B00E98169 /* Controller */ = {
			isa = PBXGroup;
			children = (
				65947E931E4F502900E98169 /* AppDelegate.swift */,
				65947EB91E4F510F00E98169 /* MainVC.swift */,
			);
			name = Controller;
			sourceTree = "<group>";
		};
		65947EB41E4F509800E98169 /* View */ = {
			isa = PBXGroup;
			children = (
				65947E9C1E4F502900E98169 /* LaunchScreen.storyboard */,
				65947E971E4F502900E98169 /* Main.storyboard */,
				65947EBD1E4F556B00E98169 /* HeaderView.swift */,
				65BDEE671E5064C600D7593E /* TacoCell.swift */,
				65BDEE681E5064C600D7593E /* TacoCell.xib */,
			);
			name = View;
			sourceTree = "<group>";
		};
		65947EB51E4F50A100E98169 /* Model */ = {
			isa = PBXGroup;
			children = (
				65947EC01E4F662200E98169 /* Taco.swift */,
				65947EC21E4F6A0E00E98169 /* DataService.swift */,
			);
			name = Model;
			sourceTree = "<group>";
		};
		65947EB61E4F50AC00E98169 /* Resources */ = {
			isa = PBXGroup;
			children = (
				65947E9F1E4F502900E98169 /* Info.plist */,
				65947E9A1E4F502900E98169 /* Assets.xcassets */,
			);
			name = Resources;
			sourceTree = "<group>";
		};
		65947EB71E4F50B500E98169 /* Protocols */ = {
			isa = PBXGroup;
			children = (
				65947EBB1E4F547E00E98169 /* DropShadow.swift */,
				65BDEE6B1E506C1800D7593E /* ReusableView.swift */,
				65BDEE6D1E506D0400D7593E /* NibLoadableView.swift */,
				65287FB91E508EA2008A5FA2 /* Shakeable.swift */,
			);
			name = Protocols;
			sourceTree = "<group>";
		};
		65947EB81E4F50BD00E98169 /* Extensions */ = {
			isa = PBXGroup;
			children = (
				65BDEE6F1E506D9D00D7593E /* UICollectionView+Ext.swift */,
				653EF2B31E508C8400E75ED1 /* MutableCollection+Ext.swift */,
			);
			name = Extensions;
			sourceTree = "<group>";
		};
/* End PBXGroup section */

/* Begin PBXNativeTarget section */
		65947E8F1E4F502900E98169 /* TacoPOP */ = {
			isa = PBXNativeTarget;
			buildConfigurationList = 65947EAD1E4F502A00E98169 /* Build configuration list for PBXNativeTarget "TacoPOP" */;
			buildPhases = (
				65947E8C1E4F502900E98169 /* Sources */,
				65947E8D1E4F502900E98169 /* Frameworks */,
				65947E8E1E4F502900E98169 /* Resources */,
			);
			buildRules = (
			);
			dependencies = (
			);
			name = TacoPOP;
			productName = TacoPOP;
			productReference = 65947E901E4F502900E98169 /* TacoPOP.app */;
			productType = "com.apple.product-type.application";
		};
		65947EA31E4F502A00E98169 /* TacoPOPTests */ = {
			isa = PBXNativeTarget;
			buildConfigurationList = 65947EB01E4F502A00E98169 /* Build configuration list for PBXNativeTarget "TacoPOPTests" */;
			buildPhases = (
				65947EA01E4F502A00E98169 /* Sources */,
				65947EA11E4F502A00E98169 /* Frameworks */,
				65947EA21E4F502A00E98169 /* Resources */,
			);
			buildRules = (
			);
			dependencies = (
				65947EA61E4F502A00E98169 /* PBXTargetDependency */,
			);
			name = TacoPOPTests;
			productName = TacoPOPTests;
			productReference = 65947EA41E4F502A00E98169 /* TacoPOPTests.xctest */;
			productType = "com.apple.product-type.bundle.unit-test";
		};
/* End PBXNativeTarget section */

/* Begin PBXProject section */
		65947E881E4F502900E98169 /* Project object */ = {
			isa = PBXProject;
			attributes = {
				LastSwiftUpdateCheck = 0820;
				LastUpgradeCheck = 0820;
				ORGANIZATIONNAME = "Andre Boevink";
				TargetAttributes = {
					65947E8F1E4F502900E98169 = {
						CreatedOnToolsVersion = 8.2;
						DevelopmentTeam = 4RH753AMBU;
						ProvisioningStyle = Automatic;
					};
					65947EA31E4F502A00E98169 = {
						CreatedOnToolsVersion = 8.2;
						DevelopmentTeam = 4RH753AMBU;
						ProvisioningStyle = Automatic;
						TestTargetID = 65947E8F1E4F502900E98169;
					};
				};
			};
			buildConfigurationList = 65947E8B1E4F502900E98169 /* Build configuration list for PBXProject "TacoPOP" */;
			compatibilityVersion = "Xcode 3.2";
			developmentRegion = English;
			hasScannedForEncodings = 0;
			knownRegions = (
				en,
				Base,
			);
			mainGroup = 65947E871E4F502900E98169;
			productRefGroup = 65947E911E4F502900E98169 /* Products */;
			projectDirPath = "";
			projectRoot = "";
			targets = (
				65947E8F1E4F502900E98169 /* TacoPOP */,
				65947EA31E4F502A00E98169 /* TacoPOPTests */,
			);
		};
/* End PBXProject section */

/* Begin PBXResourcesBuildPhase section */
		65947E8E1E4F502900E98169 /* Resources */ = {
			isa = PBXResourcesBuildPhase;
			buildActionMask = 2147483647;
			files = (
				65BDEE6A1E5064C600D7593E /* TacoCell.xib in Resources */,
				65947E9E1E4F502900E98169 /* LaunchScreen.storyboard in Resources */,
				65947E9B1E4F502900E98169 /* Assets.xcassets in Resources */,
				65947E991E4F502900E98169 /* Main.storyboard in Resources */,
			);
			runOnlyForDeploymentPostprocessing = 0;
		};
		65947EA21E4F502A00E98169 /* Resources */ = {
			isa = PBXResourcesBuildPhase;
			buildActionMask = 2147483647;
			files = (
			);
			runOnlyForDeploymentPostprocessing = 0;
		};
/* End PBXResourcesBuildPhase section */

/* Begin PBXSourcesBuildPhase section */
		65947E8C1E4F502900E98169 /* Sources */ = {
			isa = PBXSourcesBuildPhase;
			buildActionMask = 2147483647;
			files = (
				65BDEE691E5064C600D7593E /* TacoCell.swift in Sources */,
				653EF2B41E508C8400E75ED1 /* MutableCollection+Ext.swift in Sources */,
				65947E941E4F502900E98169 /* AppDelegate.swift in Sources */,
				65947EBC1E4F547E00E98169 /* DropShadow.swift in Sources */,
				65BDEE6E1E506D0400D7593E /* NibLoadableView.swift in Sources */,
				65BDEE701E506D9D00D7593E /* UICollectionView+Ext.swift in Sources */,
				65BDEE6C1E506C1800D7593E /* ReusableView.swift in Sources */,
				65947EBA1E4F510F00E98169 /* MainVC.swift in Sources */,
				65947EC31E4F6A0E00E98169 /* DataService.swift in Sources */,
				65947EC11E4F662200E98169 /* Taco.swift in Sources */,
				65287FBA1E508EA2008A5FA2 /* Shakeable.swift in Sources */,
				65947EBE1E4F556B00E98169 /* HeaderView.swift in Sources */,
			);
			runOnlyForDeploymentPostprocessing = 0;
		};
		65947EA01E4F502A00E98169 /* Sources */ = {
			isa = PBXSourcesBuildPhase;
			buildActionMask = 2147483647;
			files = (
				65947EA91E4F502A00E98169 /* TacoPOPTests.swift in Sources */,
			);
			runOnlyForDeploymentPostprocessing = 0;
		};
/* End PBXSourcesBuildPhase section */

/* Begin PBXTargetDependency section */
		65947EA61E4F502A00E98169 /* PBXTargetDependency */ = {
			isa = PBXTargetDependency;
			target = 65947E8F1E4F502900E98169 /* TacoPOP */;
			targetProxy = 65947EA51E4F502A00E98169 /* PBXContainerItemProxy */;
		};
/* End PBXTargetDependency section */

/* Begin PBXVariantGroup section */
		65947E971E4F502900E98169 /* Main.storyboard */ = {
			isa = PBXVariantGroup;
			children = (
				65947E981E4F502900E98169 /* Base */,
			);
			name = Main.storyboard;
			sourceTree = "<group>";
		};
		65947E9C1E4F502900E98169 /* LaunchScreen.storyboard */ = {
			isa = PBXVariantGroup;
			children = (
				65947E9D1E4F502900E98169 /* Base */,
			);
			name = LaunchScreen.storyboard;
			sourceTree = "<group>";
		};
/* End PBXVariantGroup section */

/* Begin XCBuildConfiguration section */
		65947EAB1E4F502A00E98169 /* Debug */ = {
			isa = XCBuildConfiguration;
			buildSettings = {
				ALWAYS_SEARCH_USER_PATHS = NO;
				CLANG_ANALYZER_NONNULL = YES;
				CLANG_CXX_LANGUAGE_STANDARD = "gnu++0x";
				CLANG_CXX_LIBRARY = "libc++";
				CLANG_ENABLE_MODULES = YES;
				CLANG_ENABLE_OBJC_ARC = YES;
				CLANG_WARN_BOOL_CONVERSION = YES;
				CLANG_WARN_CONSTANT_CONVERSION = YES;
				CLANG_WARN_DIRECT_OBJC_ISA_USAGE = YES_ERROR;
				CLANG_WARN_DOCUMENTATION_COMMENTS = YES;
				CLANG_WARN_EMPTY_BODY = YES;
				CLANG_WARN_ENUM_CONVERSION = YES;
				CLANG_WARN_INFINITE_RECURSION = YES;
				CLANG_WARN_INT_CONVERSION = YES;
				CLANG_WARN_OBJC_ROOT_CLASS = YES_ERROR;
				CLANG_WARN_SUSPICIOUS_MOVE = YES;
				CLANG_WARN_UNREACHABLE_CODE = YES;
				CLANG_WARN__DUPLICATE_METHOD_MATCH = YES;
				"CODE_SIGN_IDENTITY[sdk=iphoneos*]" = "iPhone Developer";
				COPY_PHASE_STRIP = NO;
				DEBUG_INFORMATION_FORMAT = dwarf;
				ENABLE_STRICT_OBJC_MSGSEND = YES;
				ENABLE_TESTABILITY = YES;
				GCC_C_LANGUAGE_STANDARD = gnu99;
				GCC_DYNAMIC_NO_PIC = NO;
				GCC_NO_COMMON_BLOCKS = YES;
				GCC_OPTIMIZATION_LEVEL = 0;
				GCC_PREPROCESSOR_DEFINITIONS = (
					"DEBUG=1",
					"$(inherited)",
				);
				GCC_WARN_64_TO_32_BIT_CONVERSION = YES;
				GCC_WARN_ABOUT_RETURN_TYPE = YES_ERROR;
				GCC_WARN_UNDECLARED_SELECTOR = YES;
				GCC_WARN_UNINITIALIZED_AUTOS = YES_AGGRESSIVE;
				GCC_WARN_UNUSED_FUNCTION = YES;
				GCC_WARN_UNUSED_VARIABLE = YES;
				IPHONEOS_DEPLOYMENT_TARGET = 10.2;
				MTL_ENABLE_DEBUG_INFO = YES;
				ONLY_ACTIVE_ARCH = YES;
				SDKROOT = iphoneos;
				SWIFT_ACTIVE_COMPILATION_CONDITIONS = DEBUG;
				SWIFT_OPTIMIZATION_LEVEL = "-Onone";
				TARGETED_DEVICE_FAMILY = "1,2";
			};
			name = Debug;
		};
		65947EAC1E4F502A00E98169 /* Release */ = {
			isa = XCBuildConfiguration;
			buildSettings = {
				ALWAYS_SEARCH_USER_PATHS = NO;
				CLANG_ANALYZER_NONNULL = YES;
				CLANG_CXX_LANGUAGE_STANDARD = "gnu++0x";
				CLANG_CXX_LIBRARY = "libc++";
				CLANG_ENABLE_MODULES = YES;
				CLANG_ENABLE_OBJC_ARC = YES;
				CLANG_WARN_BOOL_CONVERSION = YES;
				CLANG_WARN_CONSTANT_CONVERSION = YES;
				CLANG_WARN_DIRECT_OBJC_ISA_USAGE = YES_ERROR;
				CLANG_WARN_DOCUMENTATION_COMMENTS = YES;
				CLANG_WARN_EMPTY_BODY = YES;
				CLANG_WARN_ENUM_CONVERSION = YES;
				CLANG_WARN_INFINITE_RECURSION = YES;
				CLANG_WARN_INT_CONVERSION = YES;
				CLANG_WARN_OBJC_ROOT_CLASS = YES_ERROR;
				CLANG_WARN_SUSPICIOUS_MOVE = YES;
				CLANG_WARN_UNREACHABLE_CODE = YES;
				CLANG_WARN__DUPLICATE_METHOD_MATCH = YES;
				"CODE_SIGN_IDENTITY[sdk=iphoneos*]" = "iPhone Developer";
				COPY_PHASE_STRIP = NO;
				DEBUG_INFORMATION_FORMAT = "dwarf-with-dsym";
				ENABLE_NS_ASSERTIONS = NO;
				ENABLE_STRICT_OBJC_MSGSEND = YES;
				GCC_C_LANGUAGE_STANDARD = gnu99;
				GCC_NO_COMMON_BLOCKS = YES;
				GCC_WARN_64_TO_32_BIT_CONVERSION = YES;
				GCC_WARN_ABOUT_RETURN_TYPE = YES_ERROR;
				GCC_WARN_UNDECLARED_SELECTOR = YES;
				GCC_WARN_UNINITIALIZED_AUTOS = YES_AGGRESSIVE;
				GCC_WARN_UNUSED_FUNCTION = YES;
				GCC_WARN_UNUSED_VARIABLE = YES;
				IPHONEOS_DEPLOYMENT_TARGET = 10.2;
				MTL_ENABLE_DEBUG_INFO = NO;
				SDKROOT = iphoneos;
				SWIFT_OPTIMIZATION_LEVEL = "-Owholemodule";
				TARGETED_DEVICE_FAMILY = "1,2";
				VALIDATE_PRODUCT = YES;
			};
			name = Release;
		};
		65947EAE1E4F502A00E98169 /* Debug */ = {
			isa = XCBuildConfiguration;
			buildSettings = {
				ASSETCATALOG_COMPILER_APPICON_NAME = AppIcon;
				DEVELOPMENT_TEAM = 4RH753AMBU;
				INFOPLIST_FILE = TacoPOP/Info.plist;
				LD_RUNPATH_SEARCH_PATHS = "$(inherited) @executable_path/Frameworks";
				PRODUCT_BUNDLE_IDENTIFIER = com.DutchRascal.TacoPOP;
				PRODUCT_NAME = "$(TARGET_NAME)";
				SWIFT_VERSION = 3.0;
			};
			name = Debug;
		};
		65947EAF1E4F502A00E98169 /* Release */ = {
			isa = XCBuildConfiguration;
			buildSettings = {
				ASSETCATALOG_COMPILER_APPICON_NAME = AppIcon;
				DEVELOPMENT_TEAM = 4RH753AMBU;
				INFOPLIST_FILE = TacoPOP/Info.plist;
				LD_RUNPATH_SEARCH_PATHS = "$(inherited) @executable_path/Frameworks";
				PRODUCT_BUNDLE_IDENTIFIER = com.DutchRascal.TacoPOP;
				PRODUCT_NAME = "$(TARGET_NAME)";
				SWIFT_VERSION = 3.0;
			};
			name = Release;
		};
		65947EB11E4F502A00E98169 /* Debug */ = {
			isa = XCBuildConfiguration;
			buildSettings = {
				ALWAYS_EMBED_SWIFT_STANDARD_LIBRARIES = YES;
				BUNDLE_LOADER = "$(TEST_HOST)";
				DEVELOPMENT_TEAM = 4RH753AMBU;
				INFOPLIST_FILE = TacoPOPTests/Info.plist;
				LD_RUNPATH_SEARCH_PATHS = "$(inherited) @executable_path/Frameworks @loader_path/Frameworks";
				PRODUCT_BUNDLE_IDENTIFIER = com.DutchRascal.TacoPOPTests;
				PRODUCT_NAME = "$(TARGET_NAME)";
				SWIFT_VERSION = 3.0;
				TEST_HOST = "$(BUILT_PRODUCTS_DIR)/TacoPOP.app/TacoPOP";
			};
			name = Debug;
		};
		65947EB21E4F502A00E98169 /* Release */ = {
			isa = XCBuildConfiguration;
			buildSettings = {
				ALWAYS_EMBED_SWIFT_STANDARD_LIBRARIES = YES;
				BUNDLE_LOADER = "$(TEST_HOST)";
				DEVELOPMENT_TEAM = 4RH753AMBU;
				INFOPLIST_FILE = TacoPOPTests/Info.plist;
				LD_RUNPATH_SEARCH_PATHS = "$(inherited) @executable_path/Frameworks @loader_path/Frameworks";
				PRODUCT_BUNDLE_IDENTIFIER = com.DutchRascal.TacoPOPTests;
				PRODUCT_NAME = "$(TARGET_NAME)";
				SWIFT_VERSION = 3.0;
				TEST_HOST = "$(BUILT_PRODUCTS_DIR)/TacoPOP.app/TacoPOP";
			};
			name = Release;
		};
/* End XCBuildConfiguration section */

/* Begin XCConfigurationList section */
		65947E8B1E4F502900E98169 /* Build configuration list for PBXProject "TacoPOP" */ = {
			isa = XCConfigurationList;
			buildConfigurations = (
				65947EAB1E4F502A00E98169 /* Debug */,
				65947EAC1E4F502A00E98169 /* Release */,
			);
			defaultConfigurationIsVisible = 0;
			defaultConfigurationName = Release;
		};
		65947EAD1E4F502A00E98169 /* Build configuration list for PBXNativeTarget "TacoPOP" */ = {
			isa = XCConfigurationList;
			buildConfigurations = (
				65947EAE1E4F502A00E98169 /* Debug */,
				65947EAF1E4F502A00E98169 /* Release */,
			);
			defaultConfigurationIsVisible = 0;
			defaultConfigurationName = Release;
		};
		65947EB01E4F502A00E98169 /* Build configuration list for PBXNativeTarget "TacoPOPTests" */ = {
			isa = XCConfigurationList;
			buildConfigurations = (
				65947EB11E4F502A00E98169 /* Debug */,
				65947EB21E4F502A00E98169 /* Release */,
			);
			defaultConfigurationIsVisible = 0;
			defaultConfigurationName = Release;
		};
/* End XCConfigurationList section */
	};
	rootObject = 65947E881E4F502900E98169 /* Project object */;
}
